
Microsoft Visual Studio Solution File, Format Version 12.00
Project("{FAE04EC0-301F-11D3-BF4B-00C04F79EFBC}") = "task04", "task04\task04.csproj", "{5947C62E-1F80-4F79-822A-5A66048E1629}"
EndProject
Project("{FAE04EC0-301F-11D3-BF4B-00C04F79EFBC}") = "task04tests", "task04tests\task04tests.csproj", "{65A83441-2C59-4702-8C3E-3E28B2ADADA9}"
EndProject
Global
	GlobalSection(SolutionConfigurationPlatforms) = preSolution
		Debug|Any CPU = Debug|Any CPU
		Release|Any CPU = Release|Any CPU
	EndGlobalSection
	GlobalSection(ProjectConfigurationPlatforms) = postSolution
		{5947C62E-1F80-4F79-822A-5A66048E1629}.Debug|Any CPU.ActiveCfg = Debug|Any CPU
		{5947C62E-1F80-4F79-822A-5A66048E1629}.Debug|Any CPU.Build.0 = Debug|Any CPU
		{5947C62E-1F80-4F79-822A-5A66048E1629}.Release|Any CPU.ActiveCfg = Release|Any CPU
		{5947C62E-1F80-4F79-822A-5A66048E1629}.Release|Any CPU.Build.0 = Release|Any CPU
		{65A83441-2C59-4702-8C3E-3E28B2ADADA9}.Debug|Any CPU.ActiveCfg = Debug|Any CPU
		{65A83441-2C59-4702-8C3E-3E28B2ADADA9}.Debug|Any CPU.Build.0 = Debug|Any CPU
		{65A83441-2C59-4702-8C3E-3E28B2ADADA9}.Release|Any CPU.ActiveCfg = Release|Any CPU
		{65A83441-2C59-4702-8C3E-3E28B2ADADA9}.Release|Any CPU.Build.0 = Release|Any CPU
	EndGlobalSection
EndGlobal
